
Microsoft Visual Studio Solution File, Format Version 12.00
# Visual Studio 14
VisualStudioVersion = 14.0.24720.0
MinimumVisualStudioVersion = 10.0.40219.1
Project("{2150E333-8FDC-42A3-9474-1A3956D46DE8}") = "src", "src", "{61E3E0B8-CF31-4C61-8F05-C7C3AF2C9CC9}"
EndProject
Project("{2150E333-8FDC-42A3-9474-1A3956D46DE8}") = "Solution Items", "Solution Items", "{BB2696E5-15AA-40B7-8905-EC0B3A46354B}"
	ProjectSection(SolutionItems) = preProject
		.gitignore = .gitignore
		.travis.yml = .travis.yml
		appveyor.yml = appveyor.yml
		global.json = global.json
		LICENSE.md = LICENSE.md
		README.md = README.md
	EndProjectSection
EndProject
Project("{8BB2217D-0F2D-49D1-97BC-3654ED321F3B}") = "LunoClient", "src\LunoClient\LunoClient.xproj", "{9CC1BD76-2FCE-490E-8C88-46BC2509E688}"
EndProject
Project("{2150E333-8FDC-42A3-9474-1A3956D46DE8}") = "test", "test", "{7C48F6B2-40D6-4E83-956D-C4B5012677C4}"
EndProject
Project("{8BB2217D-0F2D-49D1-97BC-3654ED321F3B}") = "Luno.Test.LunoClient", "test\Luno.Test.LunoClient\Luno.Test.LunoClient.xproj", "{F0FE38BB-CB28-4AFD-8EF4-CD0B4F40F80B}"
EndProject
Global
	GlobalSection(SolutionConfigurationPlatforms) = preSolution
		Debug|Any CPU = Debug|Any CPU
		Release|Any CPU = Release|Any CPU
	EndGlobalSection
	GlobalSection(ProjectConfigurationPlatforms) = postSolution
		{9CC1BD76-2FCE-490E-8C88-46BC2509E688}.Debug|Any CPU.ActiveCfg = Debug|Any CPU
		{9CC1BD76-2FCE-490E-8C88-46BC2509E688}.Debug|Any CPU.Build.0 = Debug|Any CPU
		{9CC1BD76-2FCE-490E-8C88-46BC2509E688}.Release|Any CPU.ActiveCfg = Release|Any CPU
		{9CC1BD76-2FCE-490E-8C88-46BC2509E688}.Release|Any CPU.Build.0 = Release|Any CPU
		{F0FE38BB-CB28-4AFD-8EF4-CD0B4F40F80B}.Debug|Any CPU.ActiveCfg = Debug|Any CPU
		{F0FE38BB-CB28-4AFD-8EF4-CD0B4F40F80B}.Debug|Any CPU.Build.0 = Debug|Any CPU
		{F0FE38BB-CB28-4AFD-8EF4-CD0B4F40F80B}.Release|Any CPU.ActiveCfg = Release|Any CPU
		{F0FE38BB-CB28-4AFD-8EF4-CD0B4F40F80B}.Release|Any CPU.Build.0 = Release|Any CPU
	EndGlobalSection
	GlobalSection(SolutionProperties) = preSolution
		HideSolutionNode = FALSE
	EndGlobalSection
	GlobalSection(NestedProjects) = preSolution
		{9CC1BD76-2FCE-490E-8C88-46BC2509E688} = {61E3E0B8-CF31-4C61-8F05-C7C3AF2C9CC9}
		{F0FE38BB-CB28-4AFD-8EF4-CD0B4F40F80B} = {7C48F6B2-40D6-4E83-956D-C4B5012677C4}
	EndGlobalSection
EndGlobal
